<?xml version="1.0" encoding="utf-8"?>
<Project ToolsVersion="4.0" xmlns="http://schemas.microsoft.com/developer/msbuild/2003">
  <ItemGroup>
    <Filter Include="Common">
      <UniqueIdentifier>2eb2618c-6a3d-46cd-b8ea-580f1e05978d</UniqueIdentifier>
    </Filter>
    <Filter Include="Assets">
      <UniqueIdentifier>f162d0c7-2523-40c5-89e1-9a4f351120c9</UniqueIdentifier>
      <Extensions>ico;cur;bmp;dds;dlg;fbx;rct;bin;rgs;gif;jpg;jpeg;jpe;resx;tga;tiff;tif;png;wav;mfcribbon-ms</Extensions>
    </Filter>
    <Filter Include="entt">
      <UniqueIdentifier>{ffebdf4c-9412-4444-9146-6e9be193bbf1}</UniqueIdentifier>
    </Filter>
  </ItemGroup>
  <ItemGroup>
    <ClInclude Include="pch.h" />
    <ClInclude Include="Game.h" />
    <ClInclude Include="StepTimer.h">
      <Filter>Common</Filter>
    </ClInclude>
    <ClInclude Include="DeviceResources.h">
      <Filter>Common</Filter>
    </ClInclude>
    <ClInclude Include="entt\config\config.h">
      <Filter>entt</Filter>
    </ClInclude>
    <ClInclude Include="entt\config\version.h">
      <Filter>entt</Filter>
    </ClInclude>
    <ClInclude Include="entt\core\algorithm.hpp">
      <Filter>entt</Filter>
    </ClInclude>
    <ClInclude Include="entt\core\family.hpp">
      <Filter>entt</Filter>
    </ClInclude>
    <ClInclude Include="entt\core\hashed_string.hpp">
      <Filter>entt</Filter>
    </ClInclude>
    <ClInclude Include="entt\core\ident.hpp">
      <Filter>entt</Filter>
    </ClInclude>
    <ClInclude Include="entt\core\monostate.hpp">
      <Filter>entt</Filter>
    </ClInclude>
    <ClInclude Include="entt\core\type_traits.hpp">
      <Filter>entt</Filter>
    </ClInclude>
    <ClInclude Include="entt\core\utility.hpp">
      <Filter>entt</Filter>
    </ClInclude>
    <ClInclude Include="entt\entity\actor.hpp">
      <Filter>entt</Filter>
    </ClInclude>
    <ClInclude Include="entt\entity\entity.hpp">
      <Filter>entt</Filter>
    </ClInclude>
    <ClInclude Include="entt\entity\fwd.hpp">
      <Filter>entt</Filter>
    </ClInclude>
    <ClInclude Include="entt\entity\group.hpp">
      <Filter>entt</Filter>
    </ClInclude>
    <ClInclude Include="entt\entity\helper.hpp">
      <Filter>entt</Filter>
    </ClInclude>
    <ClInclude Include="entt\entity\observer.hpp">
      <Filter>entt</Filter>
    </ClInclude>
    <ClInclude Include="entt\entity\prototype.hpp">
      <Filter>entt</Filter>
    </ClInclude>
    <ClInclude Include="entt\entity\registry.hpp">
      <Filter>entt</Filter>
    </ClInclude>
    <ClInclude Include="entt\entity\runtime_view.hpp">
      <Filter>entt</Filter>
    </ClInclude>
    <ClInclude Include="entt\entity\snapshot.hpp">
      <Filter>entt</Filter>
    </ClInclude>
    <ClInclude Include="entt\entity\sparse_set.hpp">
      <Filter>entt</Filter>
    </ClInclude>
    <ClInclude Include="entt\entity\storage.hpp">
      <Filter>entt</Filter>
    </ClInclude>
    <ClInclude Include="entt\entity\view.hpp">
      <Filter>entt</Filter>
    </ClInclude>
    <ClInclude Include="entt\entt.hpp">
      <Filter>entt</Filter>
    </ClInclude>
    <ClInclude Include="entt\fwd.hpp">
      <Filter>entt</Filter>
    </ClInclude>
    <ClInclude Include="entt\locator\locator.hpp">
      <Filter>entt</Filter>
    </ClInclude>
    <ClInclude Include="entt\meta\factory.hpp">
      <Filter>entt</Filter>
    </ClInclude>
    <ClInclude Include="entt\meta\meta.hpp">
      <Filter>entt</Filter>
    </ClInclude>
    <ClInclude Include="entt\process\process.hpp">
      <Filter>entt</Filter>
    </ClInclude>
    <ClInclude Include="entt\process\scheduler.hpp">
      <Filter>entt</Filter>
    </ClInclude>
    <ClInclude Include="entt\resource\cache.hpp">
      <Filter>entt</Filter>
    </ClInclude>
    <ClInclude Include="entt\resource\fwd.hpp">
      <Filter>entt</Filter>
    </ClInclude>
    <ClInclude Include="entt\resource\handle.hpp">
      <Filter>entt</Filter>
    </ClInclude>
    <ClInclude Include="entt\resource\loader.hpp">
      <Filter>entt</Filter>
    </ClInclude>
    <ClInclude Include="entt\signal\delegate.hpp">
      <Filter>entt</Filter>
    </ClInclude>
    <ClInclude Include="entt\signal\dispatcher.hpp">
      <Filter>entt</Filter>
    </ClInclude>
    <ClInclude Include="entt\signal\emitter.hpp">
      <Filter>entt</Filter>
    </ClInclude>
    <ClInclude Include="entt\signal\fwd.hpp">
      <Filter>entt</Filter>
    </ClInclude>
    <ClInclude Include="entt\signal\sigh.hpp">
      <Filter>entt</Filter>
    </ClInclude>
  </ItemGroup>
  <ItemGroup>
    <ClCompile Include="pch.cpp" />
    <ClCompile Include="Game.cpp" />
    <ClCompile Include="Main.cpp" />
    <ClCompile Include="DeviceResources.cpp">
      <Filter>Common</Filter>
    </ClCompile>
  </ItemGroup>
  <ItemGroup>
    <ResourceCompile Include="resource.rc" />
  </ItemGroup>
  <ItemGroup>
    <Image Include="directx.ico">
      <Filter>Assets</Filter>
    </Image>
  </ItemGroup>
  <ItemGroup>
    <Manifest Include="settings.manifest">
      <Filter>Assets</Filter>
    </Manifest>
  </ItemGroup>
</Project>